// !$*UTF8*$!
{
	archiveVersion = 1;
	classes = {
	};
	objectVersion = 60;
	objects = {

/* Begin PBXBuildFile section */
		6938F7532C57D51E00DC6523 /* StepsView.swift in Sources */ = {isa = PBXBuildFile; fileRef = 6938F7522C57D51A00DC6523 /* StepsView.swift */; };
		69661A2D2C577E0A00B58B05 /* AstuceView.swift in Sources */ = {isa = PBXBuildFile; fileRef = 69661A2C2C577DFE00B58B05 /* AstuceView.swift */; };
		696DEB6D2C611A51003176EB /* ImagePicker.swift in Sources */ = {isa = PBXBuildFile; fileRef = 696DEB6C2C611A51003176EB /* ImagePicker.swift */; };
		696E7E1D2C5B7B940008BF25 /* Vid1.mp4 in Resources */ = {isa = PBXBuildFile; fileRef = 696E7E132C5B7B940008BF25 /* Vid1.mp4 */; };
		696E7E1E2C5B7B940008BF25 /* Vid6.mp4 in Resources */ = {isa = PBXBuildFile; fileRef = 696E7E142C5B7B940008BF25 /* Vid6.mp4 */; };
		696E7E1F2C5B7B940008BF25 /* Vid2.mp4 in Resources */ = {isa = PBXBuildFile; fileRef = 696E7E152C5B7B940008BF25 /* Vid2.mp4 */; };
		696E7E202C5B7B940008BF25 /* Vid4.mp4 in Resources */ = {isa = PBXBuildFile; fileRef = 696E7E162C5B7B940008BF25 /* Vid4.mp4 */; };
		696E7E212C5B7B940008BF25 /* Vid9.mp4 in Resources */ = {isa = PBXBuildFile; fileRef = 696E7E172C5B7B940008BF25 /* Vid9.mp4 */; };
		696E7E222C5B7B940008BF25 /* Vid10.mp4 in Resources */ = {isa = PBXBuildFile; fileRef = 696E7E182C5B7B940008BF25 /* Vid10.mp4 */; };
		696E7E232C5B7B940008BF25 /* Vid5.mp4 in Resources */ = {isa = PBXBuildFile; fileRef = 696E7E192C5B7B940008BF25 /* Vid5.mp4 */; };
		696E7E242C5B7B940008BF25 /* Vid3.mp4 in Resources */ = {isa = PBXBuildFile; fileRef = 696E7E1A2C5B7B940008BF25 /* Vid3.mp4 */; };
		696E7E252C5B7B940008BF25 /* Vid8.mp4 in Resources */ = {isa = PBXBuildFile; fileRef = 696E7E1B2C5B7B940008BF25 /* Vid8.mp4 */; };
		696E7E262C5B7B940008BF25 /* Vid7.mp4 in Resources */ = {isa = PBXBuildFile; fileRef = 696E7E1C2C5B7B940008BF25 /* Vid7.mp4 */; };
		6993B8A02C64A6ED00FD4905 /* CommentaireViewController.swift in Sources */ = {isa = PBXBuildFile; fileRef = 6993B89F2C64A6DD00FD4905 /* CommentaireViewController.swift */; };
		6993B8A22C64A71200FD4905 /* CommentaireView.swift in Sources */ = {isa = PBXBuildFile; fileRef = 6993B8A12C64A70900FD4905 /* CommentaireView.swift */; };
		699DFD172C48FAD900044FB4 /* Tip_stopApp.swift in Sources */ = {isa = PBXBuildFile; fileRef = 699DFD162C48FAD900044FB4 /* Tip_stopApp.swift */; };
		699DFD192C48FAD900044FB4 /* ContentView.swift in Sources */ = {isa = PBXBuildFile; fileRef = 699DFD182C48FAD900044FB4 /* ContentView.swift */; };
		699DFD1B2C48FADA00044FB4 /* Assets.xcassets in Resources */ = {isa = PBXBuildFile; fileRef = 699DFD1A2C48FADA00044FB4 /* Assets.xcassets */; };
		699DFD1E2C48FADA00044FB4 /* Preview Assets.xcassets in Resources */ = {isa = PBXBuildFile; fileRef = 699DFD1D2C48FADA00044FB4 /* Preview Assets.xcassets */; };
		699DFD282C48FADA00044FB4 /* Tip_stopTests.swift in Sources */ = {isa = PBXBuildFile; fileRef = 699DFD272C48FADA00044FB4 /* Tip_stopTests.swift */; };
		699DFD322C48FADA00044FB4 /* Tip_stopUITests.swift in Sources */ = {isa = PBXBuildFile; fileRef = 699DFD312C48FADA00044FB4 /* Tip_stopUITests.swift */; };
		699DFD342C48FADA00044FB4 /* Tip_stopUITestsLaunchTests.swift in Sources */ = {isa = PBXBuildFile; fileRef = 699DFD332C48FADA00044FB4 /* Tip_stopUITestsLaunchTests.swift */; };
		699DFD442C48FC5A00044FB4 /* Categorie.swift in Sources */ = {isa = PBXBuildFile; fileRef = 699DFD432C48FC5600044FB4 /* Categorie.swift */; };
		699DFD462C48FD4700044FB4 /* Astuce.swift in Sources */ = {isa = PBXBuildFile; fileRef = 699DFD452C48FD4200044FB4 /* Astuce.swift */; };
		699DFD482C48FDD000044FB4 /* Commentaire.swift in Sources */ = {isa = PBXBuildFile; fileRef = 699DFD472C48FDC900044FB4 /* Commentaire.swift */; };
		699DFD4A2C48FE6000044FB4 /* Step.swift in Sources */ = {isa = PBXBuildFile; fileRef = 699DFD492C48FE5D00044FB4 /* Step.swift */; };
		699DFD4C2C48FEC200044FB4 /* Favori.swift in Sources */ = {isa = PBXBuildFile; fileRef = 699DFD4B2C48FEC000044FB4 /* Favori.swift */; };
		699DFD4E2C48FF4C00044FB4 /* Utilisateur.swift in Sources */ = {isa = PBXBuildFile; fileRef = 699DFD4D2C48FF3B00044FB4 /* Utilisateur.swift */; };
		699DFD502C48FF8B00044FB4 /* Reponse.swift in Sources */ = {isa = PBXBuildFile; fileRef = 699DFD4F2C48FF8500044FB4 /* Reponse.swift */; };
		699DFD522C49002B00044FB4 /* Topic.swift in Sources */ = {isa = PBXBuildFile; fileRef = 699DFD512C49002A00044FB4 /* Topic.swift */; };
		699DFD542C4900F400044FB4 /* DecouverteView.swift in Sources */ = {isa = PBXBuildFile; fileRef = 699DFD532C4900D400044FB4 /* DecouverteView.swift */; };
		699DFD562C49012700044FB4 /* InfiniteScrollView.swift in Sources */ = {isa = PBXBuildFile; fileRef = 699DFD552C49011600044FB4 /* InfiniteScrollView.swift */; };
		699DFD582C49014F00044FB4 /* ProfileView.swift in Sources */ = {isa = PBXBuildFile; fileRef = 699DFD572C49014800044FB4 /* ProfileView.swift */; };
		699DFD5C2C49018900044FB4 /* DecouverteViewModel.swift in Sources */ = {isa = PBXBuildFile; fileRef = 699DFD5B2C49018600044FB4 /* DecouverteViewModel.swift */; };
		699DFD5E2C4902BF00044FB4 /* InfiniteScrollViewModel.swift in Sources */ = {isa = PBXBuildFile; fileRef = 699DFD5D2C4902B300044FB4 /* InfiniteScrollViewModel.swift */; };
		699DFD602C4903A700044FB4 /* ProfileViewModel.swift in Sources */ = {isa = PBXBuildFile; fileRef = 699DFD5F2C4903A100044FB4 /* ProfileViewModel.swift */; };
		699DFD642C4904C600044FB4 /* TopicViewModel.swift in Sources */ = {isa = PBXBuildFile; fileRef = 699DFD632C4904BF00044FB4 /* TopicViewModel.swift */; };
		69F63E4D2C610FB8003467CC /* Onboarding.storyboard in Resources */ = {isa = PBXBuildFile; fileRef = E1D28F1F2C5792D4001B9766 /* Onboarding.storyboard */; };
		E129439B2C62605F00F8BB83 /* NewReponse.swift in Sources */ = {isa = PBXBuildFile; fileRef = E129439A2C62605F00F8BB83 /* NewReponse.swift */; };
		E129439D2C62606500F8BB83 /* ListTopicView.swift in Sources */ = {isa = PBXBuildFile; fileRef = E129439C2C62606500F8BB83 /* ListTopicView.swift */; };
		E12943A02C62607400F8BB83 /* NewReponseController.swift in Sources */ = {isa = PBXBuildFile; fileRef = E129439E2C62607400F8BB83 /* NewReponseController.swift */; };
		E12943A12C62607400F8BB83 /* StoryboardReponseView.storyboard in Resources */ = {isa = PBXBuildFile; fileRef = E129439F2C62607400F8BB83 /* StoryboardReponseView.storyboard */; };
		E12943A32C62608F00F8BB83 /* ReponseView.swift in Sources */ = {isa = PBXBuildFile; fileRef = E12943A22C62608F00F8BB83 /* ReponseView.swift */; };
		E12943A52C62610700F8BB83 /* TopicView.swift in Sources */ = {isa = PBXBuildFile; fileRef = E12943A42C62610700F8BB83 /* TopicView.swift */; };
		E13C7CB22C655BAA00A4A468 /* Onboarding2.mp4 in Resources */ = {isa = PBXBuildFile; fileRef = E13C7CB12C655BAA00A4A468 /* Onboarding2.mp4 */; };
		E13C7CB42C655BB200A4A468 /* Onboarding1.mp4 in Resources */ = {isa = PBXBuildFile; fileRef = E13C7CB32C655BB200A4A468 /* Onboarding1.mp4 */; };
		E1867FDF2C6564FD00A6AB6D /* Onboarding3.mp4 in Resources */ = {isa = PBXBuildFile; fileRef = E1867FDE2C6564FD00A6AB6D /* Onboarding3.mp4 */; };
		E1867FE12C65672D00A6AB6D /* Onboarding4.mp4 in Resources */ = {isa = PBXBuildFile; fileRef = E1867FE02C65672D00A6AB6D /* Onboarding4.mp4 */; };
		E1867FE32C65709500A6AB6D /* Onboarding5.mp4 in Resources */ = {isa = PBXBuildFile; fileRef = E1867FE22C65709500A6AB6D /* Onboarding5.mp4 */; };
		E1867FE52C65749200A6AB6D /* Onboarding6.mp4 in Resources */ = {isa = PBXBuildFile; fileRef = E1867FE42C65749200A6AB6D /* Onboarding6.mp4 */; };
		E191F2D32C58E63D000481C3 /* CarouselView.swift in Sources */ = {isa = PBXBuildFile; fileRef = E191F2D22C58E63D000481C3 /* CarouselView.swift */; };
		E1D28F222C579D8F001B9766 /* OnboardingPageViewController.swift in Sources */ = {isa = PBXBuildFile; fileRef = E1D28F212C579D8F001B9766 /* OnboardingPageViewController.swift */; };
		E1D28F242C57A196001B9766 /* OnboardingViewController.swift in Sources */ = {isa = PBXBuildFile; fileRef = E1D28F232C57A196001B9766 /* OnboardingViewController.swift */; };
		E1D28F262C57A378001B9766 /* OnboardingPageView.swift in Sources */ = {isa = PBXBuildFile; fileRef = E1D28F252C57A378001B9766 /* OnboardingPageView.swift */; };
		E1E9B4922C6351C90043A2BD /* GlobalDataModel.swift in Sources */ = {isa = PBXBuildFile; fileRef = E1E9B4912C6351C90043A2BD /* GlobalDataModel.swift */; };
/* End PBXBuildFile section */

/* Begin PBXContainerItemProxy section */
		699DFD242C48FADA00044FB4 /* PBXContainerItemProxy */ = {
			isa = PBXContainerItemProxy;
			containerPortal = 699DFD0B2C48FAD900044FB4 /* Project object */;
			proxyType = 1;
			remoteGlobalIDString = 699DFD122C48FAD900044FB4;
			remoteInfo = "Tip-stop";
		};
		699DFD2E2C48FADA00044FB4 /* PBXContainerItemProxy */ = {
			isa = PBXContainerItemProxy;
			containerPortal = 699DFD0B2C48FAD900044FB4 /* Project object */;
			proxyType = 1;
			remoteGlobalIDString = 699DFD122C48FAD900044FB4;
			remoteInfo = "Tip-stop";
		};
/* End PBXContainerItemProxy section */

/* Begin PBXFileReference section */
		6938F7522C57D51A00DC6523 /* StepsView.swift */ = {isa = PBXFileReference; lastKnownFileType = sourcecode.swift; path = StepsView.swift; sourceTree = "<group>"; };
		69661A2C2C577DFE00B58B05 /* AstuceView.swift */ = {isa = PBXFileReference; lastKnownFileType = sourcecode.swift; path = AstuceView.swift; sourceTree = "<group>"; };
		696DEB6C2C611A51003176EB /* ImagePicker.swift */ = {isa = PBXFileReference; lastKnownFileType = sourcecode.swift; path = ImagePicker.swift; sourceTree = "<group>"; };
		696E7E132C5B7B940008BF25 /* Vid1.mp4 */ = {isa = PBXFileReference; lastKnownFileType = file; path = Vid1.mp4; sourceTree = "<group>"; };
		696E7E142C5B7B940008BF25 /* Vid6.mp4 */ = {isa = PBXFileReference; lastKnownFileType = file; path = Vid6.mp4; sourceTree = "<group>"; };
		696E7E152C5B7B940008BF25 /* Vid2.mp4 */ = {isa = PBXFileReference; lastKnownFileType = file; path = Vid2.mp4; sourceTree = "<group>"; };
		696E7E162C5B7B940008BF25 /* Vid4.mp4 */ = {isa = PBXFileReference; lastKnownFileType = file; path = Vid4.mp4; sourceTree = "<group>"; };
		696E7E172C5B7B940008BF25 /* Vid9.mp4 */ = {isa = PBXFileReference; lastKnownFileType = file; path = Vid9.mp4; sourceTree = "<group>"; };
		696E7E182C5B7B940008BF25 /* Vid10.mp4 */ = {isa = PBXFileReference; lastKnownFileType = file; path = Vid10.mp4; sourceTree = "<group>"; };
		696E7E192C5B7B940008BF25 /* Vid5.mp4 */ = {isa = PBXFileReference; lastKnownFileType = file; path = Vid5.mp4; sourceTree = "<group>"; };
		696E7E1A2C5B7B940008BF25 /* Vid3.mp4 */ = {isa = PBXFileReference; lastKnownFileType = file; path = Vid3.mp4; sourceTree = "<group>"; };
		696E7E1B2C5B7B940008BF25 /* Vid8.mp4 */ = {isa = PBXFileReference; lastKnownFileType = file; path = Vid8.mp4; sourceTree = "<group>"; };
		696E7E1C2C5B7B940008BF25 /* Vid7.mp4 */ = {isa = PBXFileReference; lastKnownFileType = file; path = Vid7.mp4; sourceTree = "<group>"; };
		6993B89F2C64A6DD00FD4905 /* CommentaireViewController.swift */ = {isa = PBXFileReference; lastKnownFileType = sourcecode.swift; path = CommentaireViewController.swift; sourceTree = "<group>"; };
		6993B8A12C64A70900FD4905 /* CommentaireView.swift */ = {isa = PBXFileReference; lastKnownFileType = sourcecode.swift; path = CommentaireView.swift; sourceTree = "<group>"; };
		699DFD132C48FAD900044FB4 /* Tip-stop.app */ = {isa = PBXFileReference; explicitFileType = wrapper.application; includeInIndex = 0; path = "Tip-stop.app"; sourceTree = BUILT_PRODUCTS_DIR; };
		699DFD162C48FAD900044FB4 /* Tip_stopApp.swift */ = {isa = PBXFileReference; lastKnownFileType = sourcecode.swift; path = Tip_stopApp.swift; sourceTree = "<group>"; };
		699DFD182C48FAD900044FB4 /* ContentView.swift */ = {isa = PBXFileReference; lastKnownFileType = sourcecode.swift; path = ContentView.swift; sourceTree = "<group>"; };
		699DFD1A2C48FADA00044FB4 /* Assets.xcassets */ = {isa = PBXFileReference; lastKnownFileType = folder.assetcatalog; path = Assets.xcassets; sourceTree = "<group>"; };
		699DFD1D2C48FADA00044FB4 /* Preview Assets.xcassets */ = {isa = PBXFileReference; lastKnownFileType = folder.assetcatalog; path = "Preview Assets.xcassets"; sourceTree = "<group>"; };
		699DFD232C48FADA00044FB4 /* Tip-stopTests.xctest */ = {isa = PBXFileReference; explicitFileType = wrapper.cfbundle; includeInIndex = 0; path = "Tip-stopTests.xctest"; sourceTree = BUILT_PRODUCTS_DIR; };
		699DFD272C48FADA00044FB4 /* Tip_stopTests.swift */ = {isa = PBXFileReference; lastKnownFileType = sourcecode.swift; path = Tip_stopTests.swift; sourceTree = "<group>"; };
		699DFD2D2C48FADA00044FB4 /* Tip-stopUITests.xctest */ = {isa = PBXFileReference; explicitFileType = wrapper.cfbundle; includeInIndex = 0; path = "Tip-stopUITests.xctest"; sourceTree = BUILT_PRODUCTS_DIR; };
		699DFD312C48FADA00044FB4 /* Tip_stopUITests.swift */ = {isa = PBXFileReference; lastKnownFileType = sourcecode.swift; path = Tip_stopUITests.swift; sourceTree = "<group>"; };
		699DFD332C48FADA00044FB4 /* Tip_stopUITestsLaunchTests.swift */ = {isa = PBXFileReference; lastKnownFileType = sourcecode.swift; path = Tip_stopUITestsLaunchTests.swift; sourceTree = "<group>"; };
		699DFD432C48FC5600044FB4 /* Categorie.swift */ = {isa = PBXFileReference; lastKnownFileType = sourcecode.swift; path = Categorie.swift; sourceTree = "<group>"; };
		699DFD452C48FD4200044FB4 /* Astuce.swift */ = {isa = PBXFileReference; lastKnownFileType = sourcecode.swift; path = Astuce.swift; sourceTree = "<group>"; };
		699DFD472C48FDC900044FB4 /* Commentaire.swift */ = {isa = PBXFileReference; lastKnownFileType = sourcecode.swift; path = Commentaire.swift; sourceTree = "<group>"; };
		699DFD492C48FE5D00044FB4 /* Step.swift */ = {isa = PBXFileReference; lastKnownFileType = sourcecode.swift; path = Step.swift; sourceTree = "<group>"; };
		699DFD4B2C48FEC000044FB4 /* Favori.swift */ = {isa = PBXFileReference; lastKnownFileType = sourcecode.swift; path = Favori.swift; sourceTree = "<group>"; };
		699DFD4D2C48FF3B00044FB4 /* Utilisateur.swift */ = {isa = PBXFileReference; lastKnownFileType = sourcecode.swift; path = Utilisateur.swift; sourceTree = "<group>"; };
		699DFD4F2C48FF8500044FB4 /* Reponse.swift */ = {isa = PBXFileReference; lastKnownFileType = sourcecode.swift; path = Reponse.swift; sourceTree = "<group>"; };
		699DFD512C49002A00044FB4 /* Topic.swift */ = {isa = PBXFileReference; lastKnownFileType = sourcecode.swift; path = Topic.swift; sourceTree = "<group>"; };
		699DFD532C4900D400044FB4 /* DecouverteView.swift */ = {isa = PBXFileReference; lastKnownFileType = sourcecode.swift; path = DecouverteView.swift; sourceTree = "<group>"; };
		699DFD552C49011600044FB4 /* InfiniteScrollView.swift */ = {isa = PBXFileReference; lastKnownFileType = sourcecode.swift; path = InfiniteScrollView.swift; sourceTree = "<group>"; };
		699DFD572C49014800044FB4 /* ProfileView.swift */ = {isa = PBXFileReference; lastKnownFileType = sourcecode.swift; path = ProfileView.swift; sourceTree = "<group>"; };
		699DFD5B2C49018600044FB4 /* DecouverteViewModel.swift */ = {isa = PBXFileReference; lastKnownFileType = sourcecode.swift; path = DecouverteViewModel.swift; sourceTree = "<group>"; };
		699DFD5D2C4902B300044FB4 /* InfiniteScrollViewModel.swift */ = {isa = PBXFileReference; lastKnownFileType = sourcecode.swift; path = InfiniteScrollViewModel.swift; sourceTree = "<group>"; };
		699DFD5F2C4903A100044FB4 /* ProfileViewModel.swift */ = {isa = PBXFileReference; lastKnownFileType = sourcecode.swift; path = ProfileViewModel.swift; sourceTree = "<group>"; };
		699DFD632C4904BF00044FB4 /* TopicViewModel.swift */ = {isa = PBXFileReference; lastKnownFileType = sourcecode.swift; path = TopicViewModel.swift; sourceTree = "<group>"; };
		74E656FC2C57D35C00D438E0 /* ImagePicker.swift */ = {isa = PBXFileReference; lastKnownFileType = sourcecode.swift; path = ImagePicker.swift; sourceTree = "<group>"; };
		74E656FE2C58D81F00D438E0 /* Info.plist */ = {isa = PBXFileReference; lastKnownFileType = text.plist; path = Info.plist; sourceTree = "<group>"; };
		E11B00732C5F93E3002D1DCF /* TipsTop.mp4 */ = {isa = PBXFileReference; lastKnownFileType = file; path = TipsTop.mp4; sourceTree = "<group>"; };
		E11B00792C5F97F7002D1DCF /* CompleteOnboarding.mp4 */ = {isa = PBXFileReference; lastKnownFileType = file; path = CompleteOnboarding.mp4; sourceTree = "<group>"; };
		E129439A2C62605F00F8BB83 /* NewReponse.swift */ = {isa = PBXFileReference; fileEncoding = 4; lastKnownFileType = sourcecode.swift; path = NewReponse.swift; sourceTree = "<group>"; };
		E129439C2C62606500F8BB83 /* ListTopicView.swift */ = {isa = PBXFileReference; fileEncoding = 4; lastKnownFileType = sourcecode.swift; path = ListTopicView.swift; sourceTree = "<group>"; };
		E129439E2C62607400F8BB83 /* NewReponseController.swift */ = {isa = PBXFileReference; fileEncoding = 4; lastKnownFileType = sourcecode.swift; path = NewReponseController.swift; sourceTree = "<group>"; };
		E129439F2C62607400F8BB83 /* StoryboardReponseView.storyboard */ = {isa = PBXFileReference; fileEncoding = 4; lastKnownFileType = file.storyboard; path = StoryboardReponseView.storyboard; sourceTree = "<group>"; };
		E12943A22C62608F00F8BB83 /* ReponseView.swift */ = {isa = PBXFileReference; fileEncoding = 4; lastKnownFileType = sourcecode.swift; path = ReponseView.swift; sourceTree = "<group>"; };
		E12943A42C62610700F8BB83 /* TopicView.swift */ = {isa = PBXFileReference; fileEncoding = 4; lastKnownFileType = sourcecode.swift; path = TopicView.swift; sourceTree = "<group>"; };
		E13C7CA52C6533DC00A4A468 /* Onboarding_2.mp4 */ = {isa = PBXFileReference; lastKnownFileType = file; path = Onboarding_2.mp4; sourceTree = "<group>"; };
		E13C7CB12C655BAA00A4A468 /* Onboarding2.mp4 */ = {isa = PBXFileReference; lastKnownFileType = file; path = Onboarding2.mp4; sourceTree = "<group>"; };
		E13C7CB32C655BB200A4A468 /* Onboarding1.mp4 */ = {isa = PBXFileReference; lastKnownFileType = file; path = Onboarding1.mp4; sourceTree = "<group>"; };
		E1867FDE2C6564FD00A6AB6D /* Onboarding3.mp4 */ = {isa = PBXFileReference; lastKnownFileType = file; path = Onboarding3.mp4; sourceTree = "<group>"; };
		E1867FE02C65672D00A6AB6D /* Onboarding4.mp4 */ = {isa = PBXFileReference; lastKnownFileType = file; path = Onboarding4.mp4; sourceTree = "<group>"; };
		E1867FE22C65709500A6AB6D /* Onboarding5.mp4 */ = {isa = PBXFileReference; lastKnownFileType = file; path = Onboarding5.mp4; sourceTree = "<group>"; };
		E1867FE42C65749200A6AB6D /* Onboarding6.mp4 */ = {isa = PBXFileReference; lastKnownFileType = file; path = Onboarding6.mp4; sourceTree = "<group>"; };
		E191F2D22C58E63D000481C3 /* CarouselView.swift */ = {isa = PBXFileReference; lastKnownFileType = sourcecode.swift; path = CarouselView.swift; sourceTree = "<group>"; };
		E1D28F1F2C5792D4001B9766 /* Onboarding.storyboard */ = {isa = PBXFileReference; lastKnownFileType = file.storyboard; path = Onboarding.storyboard; sourceTree = "<group>"; };
		E1D28F212C579D8F001B9766 /* OnboardingPageViewController.swift */ = {isa = PBXFileReference; lastKnownFileType = sourcecode.swift; path = OnboardingPageViewController.swift; sourceTree = "<group>"; };
		E1D28F232C57A196001B9766 /* OnboardingViewController.swift */ = {isa = PBXFileReference; lastKnownFileType = sourcecode.swift; path = OnboardingViewController.swift; sourceTree = "<group>"; };
		E1D28F252C57A378001B9766 /* OnboardingPageView.swift */ = {isa = PBXFileReference; lastKnownFileType = sourcecode.swift; path = OnboardingPageView.swift; sourceTree = "<group>"; };
		E1E9B4912C6351C90043A2BD /* GlobalDataModel.swift */ = {isa = PBXFileReference; lastKnownFileType = sourcecode.swift; path = GlobalDataModel.swift; sourceTree = "<group>"; };
/* End PBXFileReference section */

/* Begin PBXFrameworksBuildPhase section */
		699DFD102C48FAD900044FB4 /* Frameworks */ = {
			isa = PBXFrameworksBuildPhase;
			buildActionMask = 2147483647;
			files = (
			);
			runOnlyForDeploymentPostprocessing = 0;
		};
		699DFD202C48FADA00044FB4 /* Frameworks */ = {
			isa = PBXFrameworksBuildPhase;
			buildActionMask = 2147483647;
			files = (
			);
			runOnlyForDeploymentPostprocessing = 0;
		};
		699DFD2A2C48FADA00044FB4 /* Frameworks */ = {
			isa = PBXFrameworksBuildPhase;
			buildActionMask = 2147483647;
			files = (
			);
			runOnlyForDeploymentPostprocessing = 0;
		};
/* End PBXFrameworksBuildPhase section */

/* Begin PBXGroup section */
		699DFD0A2C48FAD900044FB4 = {
			isa = PBXGroup;
			children = (
				696E7E132C5B7B940008BF25 /* Vid1.mp4 */,
				696E7E152C5B7B940008BF25 /* Vid2.mp4 */,
				696E7E1A2C5B7B940008BF25 /* Vid3.mp4 */,
				696E7E162C5B7B940008BF25 /* Vid4.mp4 */,
				696E7E192C5B7B940008BF25 /* Vid5.mp4 */,
				696E7E142C5B7B940008BF25 /* Vid6.mp4 */,
				696E7E1C2C5B7B940008BF25 /* Vid7.mp4 */,
				696E7E1B2C5B7B940008BF25 /* Vid8.mp4 */,
				696E7E172C5B7B940008BF25 /* Vid9.mp4 */,
				696E7E182C5B7B940008BF25 /* Vid10.mp4 */,
				E13C7CB32C655BB200A4A468 /* Onboarding1.mp4 */,
				E13C7CB12C655BAA00A4A468 /* Onboarding2.mp4 */,
				E1867FDE2C6564FD00A6AB6D /* Onboarding3.mp4 */,
				E1867FE02C65672D00A6AB6D /* Onboarding4.mp4 */,
				E1867FE22C65709500A6AB6D /* Onboarding5.mp4 */,
				E1867FE42C65749200A6AB6D /* Onboarding6.mp4 */,
				699DFD152C48FAD900044FB4 /* Tip-stop */,
				699DFD262C48FADA00044FB4 /* Tip-stopTests */,
				699DFD302C48FADA00044FB4 /* Tip-stopUITests */,
				699DFD142C48FAD900044FB4 /* Products */,
				69F63E4C2C610F1F003467CC /* Recovered References */,
			);
			sourceTree = "<group>";
		};
		699DFD142C48FAD900044FB4 /* Products */ = {
			isa = PBXGroup;
			children = (
				699DFD132C48FAD900044FB4 /* Tip-stop.app */,
				699DFD232C48FADA00044FB4 /* Tip-stopTests.xctest */,
				699DFD2D2C48FADA00044FB4 /* Tip-stopUITests.xctest */,
			);
			name = Products;
			sourceTree = "<group>";
		};
		699DFD152C48FAD900044FB4 /* Tip-stop */ = {
			isa = PBXGroup;
			children = (
				74E656FE2C58D81F00D438E0 /* Info.plist */,
				699DFD162C48FAD900044FB4 /* Tip_stopApp.swift */,
				699DFD402C48FC0E00044FB4 /* Model */,
				699DFD422C48FC3200044FB4 /* ViewModel */,
				699DFD412C48FC1E00044FB4 /* View */,
				699DFD1A2C48FADA00044FB4 /* Assets.xcassets */,
				699DFD1C2C48FADA00044FB4 /* Preview Content */,
			);
			path = "Tip-stop";
			sourceTree = "<group>";
		};
		699DFD1C2C48FADA00044FB4 /* Preview Content */ = {
			isa = PBXGroup;
			children = (
				699DFD1D2C48FADA00044FB4 /* Preview Assets.xcassets */,
			);
			path = "Preview Content";
			sourceTree = "<group>";
		};
		699DFD262C48FADA00044FB4 /* Tip-stopTests */ = {
			isa = PBXGroup;
			children = (
				699DFD272C48FADA00044FB4 /* Tip_stopTests.swift */,
			);
			path = "Tip-stopTests";
			sourceTree = "<group>";
		};
		699DFD302C48FADA00044FB4 /* Tip-stopUITests */ = {
			isa = PBXGroup;
			children = (
				699DFD312C48FADA00044FB4 /* Tip_stopUITests.swift */,
				699DFD332C48FADA00044FB4 /* Tip_stopUITestsLaunchTests.swift */,
			);
			path = "Tip-stopUITests";
			sourceTree = "<group>";
		};
		699DFD402C48FC0E00044FB4 /* Model */ = {
			isa = PBXGroup;
			children = (
				699DFD432C48FC5600044FB4 /* Categorie.swift */,
				699DFD452C48FD4200044FB4 /* Astuce.swift */,
				699DFD472C48FDC900044FB4 /* Commentaire.swift */,
				699DFD492C48FE5D00044FB4 /* Step.swift */,
				699DFD4B2C48FEC000044FB4 /* Favori.swift */,
				699DFD4D2C48FF3B00044FB4 /* Utilisateur.swift */,
				699DFD4F2C48FF8500044FB4 /* Reponse.swift */,
				699DFD512C49002A00044FB4 /* Topic.swift */,
			);
			path = Model;
			sourceTree = "<group>";
		};
		699DFD412C48FC1E00044FB4 /* View */ = {
			isa = PBXGroup;
			children = (
				E1D28F162C57843E001B9766 /* Onboarding */,
				699DFD182C48FAD900044FB4 /* ContentView.swift */,
				6993B89F2C64A6DD00FD4905 /* CommentaireViewController.swift */,
				6993B8A12C64A70900FD4905 /* CommentaireView.swift */,
				E1D28F252C57A378001B9766 /* OnboardingPageView.swift */,
				699DFD552C49011600044FB4 /* InfiniteScrollView.swift */,
				69661A2C2C577DFE00B58B05 /* AstuceView.swift */,
				699DFD532C4900D400044FB4 /* DecouverteView.swift */,
				E191F2D22C58E63D000481C3 /* CarouselView.swift */,
				699DFD572C49014800044FB4 /* ProfileView.swift */,
				696DEB6C2C611A51003176EB /* ImagePicker.swift */,
				E129439C2C62606500F8BB83 /* ListTopicView.swift */,
				E12943A42C62610700F8BB83 /* TopicView.swift */,
				E12943A22C62608F00F8BB83 /* ReponseView.swift */,
				E129439A2C62605F00F8BB83 /* NewReponse.swift */,
				E129439E2C62607400F8BB83 /* NewReponseController.swift */,
				E129439F2C62607400F8BB83 /* StoryboardReponseView.storyboard */,
				6938F7522C57D51A00DC6523 /* StepsView.swift */,
			);
			path = View;
			sourceTree = "<group>";
		};
		699DFD422C48FC3200044FB4 /* ViewModel */ = {
			isa = PBXGroup;
			children = (
				E1E9B4912C6351C90043A2BD /* GlobalDataModel.swift */,
				699DFD5B2C49018600044FB4 /* DecouverteViewModel.swift */,
				699DFD5D2C4902B300044FB4 /* InfiniteScrollViewModel.swift */,
				699DFD5F2C4903A100044FB4 /* ProfileViewModel.swift */,
				699DFD632C4904BF00044FB4 /* TopicViewModel.swift */,
			);
			path = ViewModel;
			sourceTree = "<group>";
		};
		69F63E4C2C610F1F003467CC /* Recovered References */ = {
			isa = PBXGroup;
			children = (
				E11B00732C5F93E3002D1DCF /* TipsTop.mp4 */,
				E11B00792C5F97F7002D1DCF /* CompleteOnboarding.mp4 */,
				74E656FC2C57D35C00D438E0 /* ImagePicker.swift */,
				E13C7CA52C6533DC00A4A468 /* Onboarding_2.mp4 */,
			);
			name = "Recovered References";
			sourceTree = "<group>";
		};
		E1D28F162C57843E001B9766 /* Onboarding */ = {
			isa = PBXGroup;
			children = (
				E1D28F1F2C5792D4001B9766 /* Onboarding.storyboard */,
				E1D28F232C57A196001B9766 /* OnboardingViewController.swift */,
				E1D28F212C579D8F001B9766 /* OnboardingPageViewController.swift */,
			);
			path = Onboarding;
			sourceTree = "<group>";
		};
/* End PBXGroup section */

/* Begin PBXNativeTarget section */
		699DFD122C48FAD900044FB4 /* Tip-stop */ = {
			isa = PBXNativeTarget;
			buildConfigurationList = 699DFD372C48FADA00044FB4 /* Build configuration list for PBXNativeTarget "Tip-stop" */;
			buildPhases = (
				699DFD0F2C48FAD900044FB4 /* Sources */,
				699DFD102C48FAD900044FB4 /* Frameworks */,
				699DFD112C48FAD900044FB4 /* Resources */,
			);
			buildRules = (
			);
			dependencies = (
			);
			name = "Tip-stop";
			productName = "Tip-stop";
			productReference = 699DFD132C48FAD900044FB4 /* Tip-stop.app */;
			productType = "com.apple.product-type.application";
		};
		699DFD222C48FADA00044FB4 /* Tip-stopTests */ = {
			isa = PBXNativeTarget;
			buildConfigurationList = 699DFD3A2C48FADA00044FB4 /* Build configuration list for PBXNativeTarget "Tip-stopTests" */;
			buildPhases = (
				699DFD1F2C48FADA00044FB4 /* Sources */,
				699DFD202C48FADA00044FB4 /* Frameworks */,
				699DFD212C48FADA00044FB4 /* Resources */,
			);
			buildRules = (
			);
			dependencies = (
				699DFD252C48FADA00044FB4 /* PBXTargetDependency */,
			);
			name = "Tip-stopTests";
			productName = "Tip-stopTests";
			productReference = 699DFD232C48FADA00044FB4 /* Tip-stopTests.xctest */;
			productType = "com.apple.product-type.bundle.unit-test";
		};
		699DFD2C2C48FADA00044FB4 /* Tip-stopUITests */ = {
			isa = PBXNativeTarget;
			buildConfigurationList = 699DFD3D2C48FADA00044FB4 /* Build configuration list for PBXNativeTarget "Tip-stopUITests" */;
			buildPhases = (
				699DFD292C48FADA00044FB4 /* Sources */,
				699DFD2A2C48FADA00044FB4 /* Frameworks */,
				699DFD2B2C48FADA00044FB4 /* Resources */,
			);
			buildRules = (
			);
			dependencies = (
				699DFD2F2C48FADA00044FB4 /* PBXTargetDependency */,
			);
			name = "Tip-stopUITests";
			productName = "Tip-stopUITests";
			productReference = 699DFD2D2C48FADA00044FB4 /* Tip-stopUITests.xctest */;
			productType = "com.apple.product-type.bundle.ui-testing";
		};
/* End PBXNativeTarget section */

/* Begin PBXProject section */
		699DFD0B2C48FAD900044FB4 /* Project object */ = {
			isa = PBXProject;
			attributes = {
				BuildIndependentTargetsInParallel = 1;
				LastSwiftUpdateCheck = 1600;
				LastUpgradeCheck = 1600;
				TargetAttributes = {
					699DFD122C48FAD900044FB4 = {
						CreatedOnToolsVersion = 16.0;
					};
					699DFD222C48FADA00044FB4 = {
						CreatedOnToolsVersion = 16.0;
						TestTargetID = 699DFD122C48FAD900044FB4;
					};
					699DFD2C2C48FADA00044FB4 = {
						CreatedOnToolsVersion = 16.0;
						TestTargetID = 699DFD122C48FAD900044FB4;
					};
				};
			};
			buildConfigurationList = 699DFD0E2C48FAD900044FB4 /* Build configuration list for PBXProject "Tip-stop" */;
			compatibilityVersion = "Xcode 15.0";
			developmentRegion = en;
			hasScannedForEncodings = 0;
			knownRegions = (
				en,
				Base,
			);
			mainGroup = 699DFD0A2C48FAD900044FB4;
			productRefGroup = 699DFD142C48FAD900044FB4 /* Products */;
			projectDirPath = "";
			projectRoot = "";
			targets = (
				699DFD122C48FAD900044FB4 /* Tip-stop */,
				699DFD222C48FADA00044FB4 /* Tip-stopTests */,
				699DFD2C2C48FADA00044FB4 /* Tip-stopUITests */,
			);
		};
/* End PBXProject section */

/* Begin PBXResourcesBuildPhase section */
		699DFD112C48FAD900044FB4 /* Resources */ = {
			isa = PBXResourcesBuildPhase;
			buildActionMask = 2147483647;
			files = (
				E1867FE32C65709500A6AB6D /* Onboarding5.mp4 in Resources */,
				696E7E1D2C5B7B940008BF25 /* Vid1.mp4 in Resources */,
				696E7E1E2C5B7B940008BF25 /* Vid6.mp4 in Resources */,
				E1867FE52C65749200A6AB6D /* Onboarding6.mp4 in Resources */,
				696E7E1F2C5B7B940008BF25 /* Vid2.mp4 in Resources */,
				E13C7CB22C655BAA00A4A468 /* Onboarding2.mp4 in Resources */,
				696E7E202C5B7B940008BF25 /* Vid4.mp4 in Resources */,
				696E7E212C5B7B940008BF25 /* Vid9.mp4 in Resources */,
				696E7E222C5B7B940008BF25 /* Vid10.mp4 in Resources */,
				69F63E4D2C610FB8003467CC /* Onboarding.storyboard in Resources */,
				E1867FDF2C6564FD00A6AB6D /* Onboarding3.mp4 in Resources */,
				E1867FE12C65672D00A6AB6D /* Onboarding4.mp4 in Resources */,
				696E7E232C5B7B940008BF25 /* Vid5.mp4 in Resources */,
				E12943A12C62607400F8BB83 /* StoryboardReponseView.storyboard in Resources */,
				E13C7CB42C655BB200A4A468 /* Onboarding1.mp4 in Resources */,
				696E7E242C5B7B940008BF25 /* Vid3.mp4 in Resources */,
				696E7E252C5B7B940008BF25 /* Vid8.mp4 in Resources */,
				696E7E262C5B7B940008BF25 /* Vid7.mp4 in Resources */,
				699DFD1E2C48FADA00044FB4 /* Preview Assets.xcassets in Resources */,
				699DFD1B2C48FADA00044FB4 /* Assets.xcassets in Resources */,
			);
			runOnlyForDeploymentPostprocessing = 0;
		};
		699DFD212C48FADA00044FB4 /* Resources */ = {
			isa = PBXResourcesBuildPhase;
			buildActionMask = 2147483647;
			files = (
			);
			runOnlyForDeploymentPostprocessing = 0;
		};
		699DFD2B2C48FADA00044FB4 /* Resources */ = {
			isa = PBXResourcesBuildPhase;
			buildActionMask = 2147483647;
			files = (
			);
			runOnlyForDeploymentPostprocessing = 0;
		};
/* End PBXResourcesBuildPhase section */

/* Begin PBXSourcesBuildPhase section */
		699DFD0F2C48FAD900044FB4 /* Sources */ = {
			isa = PBXSourcesBuildPhase;
			buildActionMask = 2147483647;
			files = (
				699DFD4C2C48FEC200044FB4 /* Favori.swift in Sources */,
				E1D28F222C579D8F001B9766 /* OnboardingPageViewController.swift in Sources */,
				E191F2D32C58E63D000481C3 /* CarouselView.swift in Sources */,
				699DFD522C49002B00044FB4 /* Topic.swift in Sources */,
				699DFD5C2C49018900044FB4 /* DecouverteViewModel.swift in Sources */,
				E12943A52C62610700F8BB83 /* TopicView.swift in Sources */,
				699DFD462C48FD4700044FB4 /* Astuce.swift in Sources */,
				699DFD582C49014F00044FB4 /* ProfileView.swift in Sources */,
				699DFD442C48FC5A00044FB4 /* Categorie.swift in Sources */,
				E1D28F242C57A196001B9766 /* OnboardingViewController.swift in Sources */,
				E129439B2C62605F00F8BB83 /* NewReponse.swift in Sources */,
				699DFD562C49012700044FB4 /* InfiniteScrollView.swift in Sources */,
				699DFD542C4900F400044FB4 /* DecouverteView.swift in Sources */,
				6938F7532C57D51E00DC6523 /* StepsView.swift in Sources */,
				696DEB6D2C611A51003176EB /* ImagePicker.swift in Sources */,
				699DFD502C48FF8B00044FB4 /* Reponse.swift in Sources */,
				6993B8A22C64A71200FD4905 /* CommentaireView.swift in Sources */,
				699DFD482C48FDD000044FB4 /* Commentaire.swift in Sources */,
				E12943A32C62608F00F8BB83 /* ReponseView.swift in Sources */,
				69661A2D2C577E0A00B58B05 /* AstuceView.swift in Sources */,
				699DFD642C4904C600044FB4 /* TopicViewModel.swift in Sources */,
				6993B8A02C64A6ED00FD4905 /* CommentaireViewController.swift in Sources */,
				699DFD4A2C48FE6000044FB4 /* Step.swift in Sources */,
				E129439D2C62606500F8BB83 /* ListTopicView.swift in Sources */,
				699DFD5E2C4902BF00044FB4 /* InfiniteScrollViewModel.swift in Sources */,
				E1D28F262C57A378001B9766 /* OnboardingPageView.swift in Sources */,
				699DFD192C48FAD900044FB4 /* ContentView.swift in Sources */,
				E12943A02C62607400F8BB83 /* NewReponseController.swift in Sources */,
				E1E9B4922C6351C90043A2BD /* GlobalDataModel.swift in Sources */,
				699DFD172C48FAD900044FB4 /* Tip_stopApp.swift in Sources */,
				699DFD602C4903A700044FB4 /* ProfileViewModel.swift in Sources */,
				699DFD4E2C48FF4C00044FB4 /* Utilisateur.swift in Sources */,
			);
			runOnlyForDeploymentPostprocessing = 0;
		};
		699DFD1F2C48FADA00044FB4 /* Sources */ = {
			isa = PBXSourcesBuildPhase;
			buildActionMask = 2147483647;
			files = (
				699DFD282C48FADA00044FB4 /* Tip_stopTests.swift in Sources */,
			);
			runOnlyForDeploymentPostprocessing = 0;
		};
		699DFD292C48FADA00044FB4 /* Sources */ = {
			isa = PBXSourcesBuildPhase;
			buildActionMask = 2147483647;
			files = (
				699DFD342C48FADA00044FB4 /* Tip_stopUITestsLaunchTests.swift in Sources */,
				699DFD322C48FADA00044FB4 /* Tip_stopUITests.swift in Sources */,
			);
			runOnlyForDeploymentPostprocessing = 0;
		};
/* End PBXSourcesBuildPhase section */

/* Begin PBXTargetDependency section */
		699DFD252C48FADA00044FB4 /* PBXTargetDependency */ = {
			isa = PBXTargetDependency;
			target = 699DFD122C48FAD900044FB4 /* Tip-stop */;
			targetProxy = 699DFD242C48FADA00044FB4 /* PBXContainerItemProxy */;
		};
		699DFD2F2C48FADA00044FB4 /* PBXTargetDependency */ = {
			isa = PBXTargetDependency;
			target = 699DFD122C48FAD900044FB4 /* Tip-stop */;
			targetProxy = 699DFD2E2C48FADA00044FB4 /* PBXContainerItemProxy */;
		};
/* End PBXTargetDependency section */

/* Begin XCBuildConfiguration section */
		699DFD352C48FADA00044FB4 /* Debug */ = {
			isa = XCBuildConfiguration;
			buildSettings = {
				ALWAYS_SEARCH_USER_PATHS = NO;
				ASSETCATALOG_COMPILER_GENERATE_SWIFT_ASSET_SYMBOL_EXTENSIONS = YES;
				CLANG_ANALYZER_NONNULL = YES;
				CLANG_ANALYZER_NUMBER_OBJECT_CONVERSION = YES_AGGRESSIVE;
				CLANG_CXX_LANGUAGE_STANDARD = "gnu++20";
				CLANG_ENABLE_MODULES = YES;
				CLANG_ENABLE_OBJC_ARC = YES;
				CLANG_ENABLE_OBJC_WEAK = YES;
				CLANG_WARN_BLOCK_CAPTURE_AUTORELEASING = YES;
				CLANG_WARN_BOOL_CONVERSION = YES;
				CLANG_WARN_COMMA = YES;
				CLANG_WARN_CONSTANT_CONVERSION = YES;
				CLANG_WARN_DEPRECATED_OBJC_IMPLEMENTATIONS = YES;
				CLANG_WARN_DIRECT_OBJC_ISA_USAGE = YES_ERROR;
				CLANG_WARN_DOCUMENTATION_COMMENTS = YES;
				CLANG_WARN_EMPTY_BODY = YES;
				CLANG_WARN_ENUM_CONVERSION = YES;
				CLANG_WARN_INFINITE_RECURSION = YES;
				CLANG_WARN_INT_CONVERSION = YES;
				CLANG_WARN_NON_LITERAL_NULL_CONVERSION = YES;
				CLANG_WARN_OBJC_IMPLICIT_RETAIN_SELF = YES;
				CLANG_WARN_OBJC_LITERAL_CONVERSION = YES;
				CLANG_WARN_OBJC_ROOT_CLASS = YES_ERROR;
				CLANG_WARN_QUOTED_INCLUDE_IN_FRAMEWORK_HEADER = YES;
				CLANG_WARN_RANGE_LOOP_ANALYSIS = YES;
				CLANG_WARN_STRICT_PROTOTYPES = YES;
				CLANG_WARN_SUSPICIOUS_MOVE = YES;
				CLANG_WARN_UNGUARDED_AVAILABILITY = YES_AGGRESSIVE;
				CLANG_WARN_UNREACHABLE_CODE = YES;
				CLANG_WARN__DUPLICATE_METHOD_MATCH = YES;
				COPY_PHASE_STRIP = NO;
				DEBUG_INFORMATION_FORMAT = dwarf;
				ENABLE_STRICT_OBJC_MSGSEND = YES;
				ENABLE_TESTABILITY = YES;
				ENABLE_USER_SCRIPT_SANDBOXING = YES;
				GCC_C_LANGUAGE_STANDARD = gnu17;
				GCC_DYNAMIC_NO_PIC = NO;
				GCC_NO_COMMON_BLOCKS = YES;
				GCC_OPTIMIZATION_LEVEL = 0;
				GCC_PREPROCESSOR_DEFINITIONS = (
					"DEBUG=1",
					"$(inherited)",
				);
				GCC_WARN_64_TO_32_BIT_CONVERSION = YES;
				GCC_WARN_ABOUT_RETURN_TYPE = YES_ERROR;
				GCC_WARN_UNDECLARED_SELECTOR = YES;
				GCC_WARN_UNINITIALIZED_AUTOS = YES_AGGRESSIVE;
				GCC_WARN_UNUSED_FUNCTION = YES;
				GCC_WARN_UNUSED_VARIABLE = YES;
				IPHONEOS_DEPLOYMENT_TARGET = 18.0;
				LOCALIZATION_PREFERS_STRING_CATALOGS = YES;
				MTL_ENABLE_DEBUG_INFO = INCLUDE_SOURCE;
				MTL_FAST_MATH = YES;
				ONLY_ACTIVE_ARCH = YES;
				SDKROOT = iphoneos;
				SWIFT_ACTIVE_COMPILATION_CONDITIONS = "DEBUG $(inherited)";
				SWIFT_OPTIMIZATION_LEVEL = "-Onone";
			};
			name = Debug;
		};
		699DFD362C48FADA00044FB4 /* Release */ = {
			isa = XCBuildConfiguration;
			buildSettings = {
				ALWAYS_SEARCH_USER_PATHS = NO;
				ASSETCATALOG_COMPILER_GENERATE_SWIFT_ASSET_SYMBOL_EXTENSIONS = YES;
				CLANG_ANALYZER_NONNULL = YES;
				CLANG_ANALYZER_NUMBER_OBJECT_CONVERSION = YES_AGGRESSIVE;
				CLANG_CXX_LANGUAGE_STANDARD = "gnu++20";
				CLANG_ENABLE_MODULES = YES;
				CLANG_ENABLE_OBJC_ARC = YES;
				CLANG_ENABLE_OBJC_WEAK = YES;
				CLANG_WARN_BLOCK_CAPTURE_AUTORELEASING = YES;
				CLANG_WARN_BOOL_CONVERSION = YES;
				CLANG_WARN_COMMA = YES;
				CLANG_WARN_CONSTANT_CONVERSION = YES;
				CLANG_WARN_DEPRECATED_OBJC_IMPLEMENTATIONS = YES;
				CLANG_WARN_DIRECT_OBJC_ISA_USAGE = YES_ERROR;
				CLANG_WARN_DOCUMENTATION_COMMENTS = YES;
				CLANG_WARN_EMPTY_BODY = YES;
				CLANG_WARN_ENUM_CONVERSION = YES;
				CLANG_WARN_INFINITE_RECURSION = YES;
				CLANG_WARN_INT_CONVERSION = YES;
				CLANG_WARN_NON_LITERAL_NULL_CONVERSION = YES;
				CLANG_WARN_OBJC_IMPLICIT_RETAIN_SELF = YES;
				CLANG_WARN_OBJC_LITERAL_CONVERSION = YES;
				CLANG_WARN_OBJC_ROOT_CLASS = YES_ERROR;
				CLANG_WARN_QUOTED_INCLUDE_IN_FRAMEWORK_HEADER = YES;
				CLANG_WARN_RANGE_LOOP_ANALYSIS = YES;
				CLANG_WARN_STRICT_PROTOTYPES = YES;
				CLANG_WARN_SUSPICIOUS_MOVE = YES;
				CLANG_WARN_UNGUARDED_AVAILABILITY = YES_AGGRESSIVE;
				CLANG_WARN_UNREACHABLE_CODE = YES;
				CLANG_WARN__DUPLICATE_METHOD_MATCH = YES;
				COPY_PHASE_STRIP = NO;
				DEBUG_INFORMATION_FORMAT = "dwarf-with-dsym";
				ENABLE_NS_ASSERTIONS = NO;
				ENABLE_STRICT_OBJC_MSGSEND = YES;
				ENABLE_USER_SCRIPT_SANDBOXING = YES;
				GCC_C_LANGUAGE_STANDARD = gnu17;
				GCC_NO_COMMON_BLOCKS = YES;
				GCC_WARN_64_TO_32_BIT_CONVERSION = YES;
				GCC_WARN_ABOUT_RETURN_TYPE = YES_ERROR;
				GCC_WARN_UNDECLARED_SELECTOR = YES;
				GCC_WARN_UNINITIALIZED_AUTOS = YES_AGGRESSIVE;
				GCC_WARN_UNUSED_FUNCTION = YES;
				GCC_WARN_UNUSED_VARIABLE = YES;
				IPHONEOS_DEPLOYMENT_TARGET = 18.0;
				LOCALIZATION_PREFERS_STRING_CATALOGS = YES;
				MTL_ENABLE_DEBUG_INFO = NO;
				MTL_FAST_MATH = YES;
				SDKROOT = iphoneos;
				SWIFT_COMPILATION_MODE = wholemodule;
				VALIDATE_PRODUCT = YES;
			};
			name = Release;
		};
		699DFD382C48FADA00044FB4 /* Debug */ = {
			isa = XCBuildConfiguration;
			buildSettings = {
				ASSETCATALOG_COMPILER_APPICON_NAME = AppIcon;
				ASSETCATALOG_COMPILER_GLOBAL_ACCENT_COLOR_NAME = AccentColor;
				CODE_SIGN_STYLE = Automatic;
				CURRENT_PROJECT_VERSION = 1;
				DEVELOPMENT_ASSET_PATHS = "\"Tip-stop/Preview Content\"";
				DEVELOPMENT_TEAM = 7Y7W9XV85B;
				ENABLE_PREVIEWS = YES;
				GENERATE_INFOPLIST_FILE = YES;
				INFOPLIST_FILE = "Tip-stop/Info.plist";
				INFOPLIST_KEY_CFBundleDisplayName = "";
				INFOPLIST_KEY_NSCameraUsageDescription = "We need to access you photo library to select a picture";
				INFOPLIST_KEY_NSPhotoLibraryUsageDescription = "We need to access you photo library to select a picture";
				INFOPLIST_KEY_UIApplicationSceneManifest_Generation = YES;
				INFOPLIST_KEY_UIApplicationSupportsIndirectInputEvents = YES;
				INFOPLIST_KEY_UILaunchScreen_Generation = YES;
				INFOPLIST_KEY_UISupportedInterfaceOrientations_iPad = "UIInterfaceOrientationPortrait UIInterfaceOrientationPortraitUpsideDown UIInterfaceOrientationLandscapeLeft UIInterfaceOrientationLandscapeRight";
				INFOPLIST_KEY_UISupportedInterfaceOrientations_iPhone = "UIInterfaceOrientationPortrait UIInterfaceOrientationLandscapeLeft UIInterfaceOrientationLandscapeRight";
				IPHONEOS_DEPLOYMENT_TARGET = 17.5;
				LD_RUNPATH_SEARCH_PATHS = (
					"$(inherited)",
					"@executable_path/Frameworks",
				);
				MARKETING_VERSION = 1.0;
				PRODUCT_BUNDLE_IDENTIFIER = balystick.fr;
				PRODUCT_NAME = "$(TARGET_NAME)";
				SWIFT_EMIT_LOC_STRINGS = YES;
				SWIFT_VERSION = 5.0;
				TARGETED_DEVICE_FAMILY = "1,2";
			};
			name = Debug;
		};
		699DFD392C48FADA00044FB4 /* Release */ = {
			isa = XCBuildConfiguration;
			buildSettings = {
				ASSETCATALOG_COMPILER_APPICON_NAME = AppIcon;
				ASSETCATALOG_COMPILER_GLOBAL_ACCENT_COLOR_NAME = AccentColor;
				CODE_SIGN_STYLE = Automatic;
				CURRENT_PROJECT_VERSION = 1;
				DEVELOPMENT_ASSET_PATHS = "\"Tip-stop/Preview Content\"";
				DEVELOPMENT_TEAM = 7Y7W9XV85B;
				ENABLE_PREVIEWS = YES;
				GENERATE_INFOPLIST_FILE = YES;
				INFOPLIST_FILE = "Tip-stop/Info.plist";
				INFOPLIST_KEY_CFBundleDisplayName = "";
				INFOPLIST_KEY_NSCameraUsageDescription = "We need to access you photo library to select a picture";
				INFOPLIST_KEY_NSPhotoLibraryUsageDescription = "We need to access you photo library to select a picture";
				INFOPLIST_KEY_UIApplicationSceneManifest_Generation = YES;
				INFOPLIST_KEY_UIApplicationSupportsIndirectInputEvents = YES;
				INFOPLIST_KEY_UILaunchScreen_Generation = YES;
				INFOPLIST_KEY_UISupportedInterfaceOrientations_iPad = "UIInterfaceOrientationPortrait UIInterfaceOrientationPortraitUpsideDown UIInterfaceOrientationLandscapeLeft UIInterfaceOrientationLandscapeRight";
				INFOPLIST_KEY_UISupportedInterfaceOrientations_iPhone = "UIInterfaceOrientationPortrait UIInterfaceOrientationLandscapeLeft UIInterfaceOrientationLandscapeRight";
				IPHONEOS_DEPLOYMENT_TARGET = 17.5;
				LD_RUNPATH_SEARCH_PATHS = (
					"$(inherited)",
					"@executable_path/Frameworks",
				);
				MARKETING_VERSION = 1.0;
				PRODUCT_BUNDLE_IDENTIFIER = balystick.fr;
				PRODUCT_NAME = "$(TARGET_NAME)";
				SWIFT_EMIT_LOC_STRINGS = YES;
				SWIFT_VERSION = 5.0;
				TARGETED_DEVICE_FAMILY = "1,2";
			};
			name = Release;
		};
		699DFD3B2C48FADA00044FB4 /* Debug */ = {
			isa = XCBuildConfiguration;
			buildSettings = {
				BUNDLE_LOADER = "$(TEST_HOST)";
				CODE_SIGN_STYLE = Automatic;
				CURRENT_PROJECT_VERSION = 1;
				DEVELOPMENT_TEAM = 746GA298QV;
				GENERATE_INFOPLIST_FILE = YES;
				IPHONEOS_DEPLOYMENT_TARGET = 17.5;
				MARKETING_VERSION = 1.0;
				PRODUCT_BUNDLE_IDENTIFIER = "Kamil.Tip-stopTests";
				PRODUCT_NAME = "$(TARGET_NAME)";
				SWIFT_EMIT_LOC_STRINGS = NO;
				SWIFT_VERSION = 5.0;
				TARGETED_DEVICE_FAMILY = "1,2";
				TEST_HOST = "$(BUILT_PRODUCTS_DIR)/Tip-stop.app/$(BUNDLE_EXECUTABLE_FOLDER_PATH)/Tip-stop";
			};
			name = Debug;
		};
		699DFD3C2C48FADA00044FB4 /* Release */ = {
			isa = XCBuildConfiguration;
			buildSettings = {
				BUNDLE_LOADER = "$(TEST_HOST)";
				CODE_SIGN_STYLE = Automatic;
				CURRENT_PROJECT_VERSION = 1;
				DEVELOPMENT_TEAM = 746GA298QV;
				GENERATE_INFOPLIST_FILE = YES;
				IPHONEOS_DEPLOYMENT_TARGET = 17.5;
				MARKETING_VERSION = 1.0;
				PRODUCT_BUNDLE_IDENTIFIER = "Kamil.Tip-stopTests";
				PRODUCT_NAME = "$(TARGET_NAME)";
				SWIFT_EMIT_LOC_STRINGS = NO;
				SWIFT_VERSION = 5.0;
				TARGETED_DEVICE_FAMILY = "1,2";
				TEST_HOST = "$(BUILT_PRODUCTS_DIR)/Tip-stop.app/$(BUNDLE_EXECUTABLE_FOLDER_PATH)/Tip-stop";
			};
			name = Release;
		};
		699DFD3E2C48FADA00044FB4 /* Debug */ = {
			isa = XCBuildConfiguration;
			buildSettings = {
				CODE_SIGN_STYLE = Automatic;
				CURRENT_PROJECT_VERSION = 1;
				DEVELOPMENT_TEAM = 746GA298QV;
				GENERATE_INFOPLIST_FILE = YES;
				IPHONEOS_DEPLOYMENT_TARGET = 17.5;
				MARKETING_VERSION = 1.0;
				PRODUCT_BUNDLE_IDENTIFIER = "Kamil.Tip-stopUITests";
				PRODUCT_NAME = "$(TARGET_NAME)";
				SWIFT_EMIT_LOC_STRINGS = NO;
				SWIFT_VERSION = 5.0;
				TARGETED_DEVICE_FAMILY = "1,2";
				TEST_TARGET_NAME = "Tip-stop";
			};
			name = Debug;
		};
		699DFD3F2C48FADA00044FB4 /* Release */ = {
			isa = XCBuildConfiguration;
			buildSettings = {
				CODE_SIGN_STYLE = Automatic;
				CURRENT_PROJECT_VERSION = 1;
				DEVELOPMENT_TEAM = 746GA298QV;
				GENERATE_INFOPLIST_FILE = YES;
				IPHONEOS_DEPLOYMENT_TARGET = 17.5;
				MARKETING_VERSION = 1.0;
				PRODUCT_BUNDLE_IDENTIFIER = "Kamil.Tip-stopUITests";
				PRODUCT_NAME = "$(TARGET_NAME)";
				SWIFT_EMIT_LOC_STRINGS = NO;
				SWIFT_VERSION = 5.0;
				TARGETED_DEVICE_FAMILY = "1,2";
				TEST_TARGET_NAME = "Tip-stop";
			};
			name = Release;
		};
/* End XCBuildConfiguration section */

/* Begin XCConfigurationList section */
		699DFD0E2C48FAD900044FB4 /* Build configuration list for PBXProject "Tip-stop" */ = {
			isa = XCConfigurationList;
			buildConfigurations = (
				699DFD352C48FADA00044FB4 /* Debug */,
				699DFD362C48FADA00044FB4 /* Release */,
			);
			defaultConfigurationIsVisible = 0;
			defaultConfigurationName = Release;
		};
		699DFD372C48FADA00044FB4 /* Build configuration list for PBXNativeTarget "Tip-stop" */ = {
			isa = XCConfigurationList;
			buildConfigurations = (
				699DFD382C48FADA00044FB4 /* Debug */,
				699DFD392C48FADA00044FB4 /* Release */,
			);
			defaultConfigurationIsVisible = 0;
			defaultConfigurationName = Release;
		};
		699DFD3A2C48FADA00044FB4 /* Build configuration list for PBXNativeTarget "Tip-stopTests" */ = {
			isa = XCConfigurationList;
			buildConfigurations = (
				699DFD3B2C48FADA00044FB4 /* Debug */,
				699DFD3C2C48FADA00044FB4 /* Release */,
			);
			defaultConfigurationIsVisible = 0;
			defaultConfigurationName = Release;
		};
		699DFD3D2C48FADA00044FB4 /* Build configuration list for PBXNativeTarget "Tip-stopUITests" */ = {
			isa = XCConfigurationList;
			buildConfigurations = (
				699DFD3E2C48FADA00044FB4 /* Debug */,
				699DFD3F2C48FADA00044FB4 /* Release */,
			);
			defaultConfigurationIsVisible = 0;
			defaultConfigurationName = Release;
		};
/* End XCConfigurationList section */
	};
	rootObject = 699DFD0B2C48FAD900044FB4 /* Project object */;
}
